
Microsoft Visual Studio Solution File, Format Version 11.00
# Visual Studio 2010
Project("{FAE04EC0-301F-11D3-BF4B-00C04F79EFBC}") = "Shell", "src\Shell\Shell.csproj", "{F296D053-4820-4CC9-9A4F-BFD0517BE7A5}"
EndProject
Project("{FAE04EC0-301F-11D3-BF4B-00C04F79EFBC}") = "Core", "src\Core\Core.csproj", "{28E91DF6-B35A-4341-AB82-E9CE24B04750}"
EndProject
Project("{FAE04EC0-301F-11D3-BF4B-00C04F79EFBC}") = "Tests", "src\Tests\Tests.csproj", "{2ED5DB10-13DC-470A-9D82-6056BE7B7E04}"
EndProject
Project("{FAE04EC0-301F-11D3-BF4B-00C04F79EFBC}") = "Plugins", "src\Plugins\Plugins.csproj", "{133FD5D5-7C29-4A09-9DD3-A8E1506767C7}"
EndProject
Project("{FAE04EC0-301F-11D3-BF4B-00C04F79EFBC}") = "Plugins.Calibre", "src\Plugins.Calibre\Plugins.Calibre.csproj", "{B8C7C8AE-FB80-473B-85D5-5D0D7F302E09}"
EndProject
Project("{FAE04EC0-301F-11D3-BF4B-00C04F79EFBC}") = "ElevationHelper", "src\ElevationHelper\ElevationHelper.csproj", "{5E8250D4-5A43-497B-A425-002E084F6043}"
EndProject
Project("{FAE04EC0-301F-11D3-BF4B-00C04F79EFBC}") = "ElevationHelper.Services", "src\ElevationHelper.Services\ElevationHelper.Services.csproj", "{5397046B-020B-45D0-9779-388F12FCE744}"
EndProject
Project("{FAE04EC0-301F-11D3-BF4B-00C04F79EFBC}") = "Plugins.SqlServer", "src\Plugins.SqlServer\Plugins.SqlServer.csproj", "{A601FAC8-1292-45CE-ABD9-87C8C2CA45DD}"
EndProject
Project("{FAE04EC0-301F-11D3-BF4B-00C04F79EFBC}") = "Plugins.WindowsEnvironment", "src\Plugins.WindowsEnvironment\Plugins.WindowsEnvironment.csproj", "{5DB74A33-95C2-4B84-B638-C8C252CF7242}"
EndProject
Project("{2150E333-8FDC-42A3-9474-1A3956D46DE8}") = "Solution Items", "Solution Items", "{819BAF8B-3836-4FB9-8EED-CF387999BD61}"
	ProjectSection(SolutionItems) = preProject
		readme.markdown = readme.markdown
	EndProjectSection
EndProject
Global
	GlobalSection(SolutionConfigurationPlatforms) = preSolution
		Debug|Any CPU = Debug|Any CPU
		Release|Any CPU = Release|Any CPU
	EndGlobalSection
	GlobalSection(ProjectConfigurationPlatforms) = postSolution
		{F296D053-4820-4CC9-9A4F-BFD0517BE7A5}.Debug|Any CPU.ActiveCfg = Debug|Any CPU
		{F296D053-4820-4CC9-9A4F-BFD0517BE7A5}.Debug|Any CPU.Build.0 = Debug|Any CPU
		{F296D053-4820-4CC9-9A4F-BFD0517BE7A5}.Release|Any CPU.ActiveCfg = Release|Any CPU
		{F296D053-4820-4CC9-9A4F-BFD0517BE7A5}.Release|Any CPU.Build.0 = Release|Any CPU
		{28E91DF6-B35A-4341-AB82-E9CE24B04750}.Debug|Any CPU.ActiveCfg = Debug|Any CPU
		{28E91DF6-B35A-4341-AB82-E9CE24B04750}.Debug|Any CPU.Build.0 = Debug|Any CPU
		{28E91DF6-B35A-4341-AB82-E9CE24B04750}.Release|Any CPU.ActiveCfg = Release|Any CPU
		{28E91DF6-B35A-4341-AB82-E9CE24B04750}.Release|Any CPU.Build.0 = Release|Any CPU
		{2ED5DB10-13DC-470A-9D82-6056BE7B7E04}.Debug|Any CPU.ActiveCfg = Debug|Any CPU
		{2ED5DB10-13DC-470A-9D82-6056BE7B7E04}.Debug|Any CPU.Build.0 = Debug|Any CPU
		{2ED5DB10-13DC-470A-9D82-6056BE7B7E04}.Release|Any CPU.ActiveCfg = Release|Any CPU
		{2ED5DB10-13DC-470A-9D82-6056BE7B7E04}.Release|Any CPU.Build.0 = Release|Any CPU
		{133FD5D5-7C29-4A09-9DD3-A8E1506767C7}.Debug|Any CPU.ActiveCfg = Debug|Any CPU
		{133FD5D5-7C29-4A09-9DD3-A8E1506767C7}.Debug|Any CPU.Build.0 = Debug|Any CPU
		{133FD5D5-7C29-4A09-9DD3-A8E1506767C7}.Release|Any CPU.ActiveCfg = Release|Any CPU
		{133FD5D5-7C29-4A09-9DD3-A8E1506767C7}.Release|Any CPU.Build.0 = Release|Any CPU
		{B8C7C8AE-FB80-473B-85D5-5D0D7F302E09}.Debug|Any CPU.ActiveCfg = Debug|Any CPU
		{B8C7C8AE-FB80-473B-85D5-5D0D7F302E09}.Debug|Any CPU.Build.0 = Debug|Any CPU
		{B8C7C8AE-FB80-473B-85D5-5D0D7F302E09}.Release|Any CPU.ActiveCfg = Release|Any CPU
		{B8C7C8AE-FB80-473B-85D5-5D0D7F302E09}.Release|Any CPU.Build.0 = Release|Any CPU
		{5E8250D4-5A43-497B-A425-002E084F6043}.Debug|Any CPU.ActiveCfg = Debug|Any CPU
		{5E8250D4-5A43-497B-A425-002E084F6043}.Debug|Any CPU.Build.0 = Debug|Any CPU
		{5E8250D4-5A43-497B-A425-002E084F6043}.Release|Any CPU.ActiveCfg = Release|Any CPU
		{5E8250D4-5A43-497B-A425-002E084F6043}.Release|Any CPU.Build.0 = Release|Any CPU
		{5397046B-020B-45D0-9779-388F12FCE744}.Debug|Any CPU.ActiveCfg = Debug|Any CPU
		{5397046B-020B-45D0-9779-388F12FCE744}.Debug|Any CPU.Build.0 = Debug|Any CPU
		{5397046B-020B-45D0-9779-388F12FCE744}.Release|Any CPU.ActiveCfg = Release|Any CPU
		{5397046B-020B-45D0-9779-388F12FCE744}.Release|Any CPU.Build.0 = Release|Any CPU
		{A601FAC8-1292-45CE-ABD9-87C8C2CA45DD}.Debug|Any CPU.ActiveCfg = Debug|Any CPU
		{A601FAC8-1292-45CE-ABD9-87C8C2CA45DD}.Debug|Any CPU.Build.0 = Debug|Any CPU
		{A601FAC8-1292-45CE-ABD9-87C8C2CA45DD}.Release|Any CPU.ActiveCfg = Release|Any CPU
		{A601FAC8-1292-45CE-ABD9-87C8C2CA45DD}.Release|Any CPU.Build.0 = Release|Any CPU
		{5DB74A33-95C2-4B84-B638-C8C252CF7242}.Debug|Any CPU.ActiveCfg = Debug|Any CPU
		{5DB74A33-95C2-4B84-B638-C8C252CF7242}.Debug|Any CPU.Build.0 = Debug|Any CPU
		{5DB74A33-95C2-4B84-B638-C8C252CF7242}.Release|Any CPU.ActiveCfg = Release|Any CPU
		{5DB74A33-95C2-4B84-B638-C8C252CF7242}.Release|Any CPU.Build.0 = Release|Any CPU
	EndGlobalSection
	GlobalSection(SolutionProperties) = preSolution
		HideSolutionNode = FALSE
	EndGlobalSection
EndGlobal
